
Microsoft Visual Studio Solution File, Format Version 12.00
# Visual Studio Version 16
VisualStudioVersion = 16.0.31911.196
MinimumVisualStudioVersion = 10.0.40219.1
Project("{FAE04EC0-301F-11D3-BF4B-00C04F79EFBC}") = "WebApplication1", "WebApplication1\WebApplication1.csproj", "{BAC20A3A-2904-4793-B073-19CE16682162}"
EndProject
Global
	GlobalSection(SolutionConfigurationPlatforms) = preSolution
		Debug|Any CPU = Debug|Any CPU
		Release|Any CPU = Release|Any CPU
	EndGlobalSection
	GlobalSection(ProjectConfigurationPlatforms) = postSolution
		{BAC20A3A-2904-4793-B073-19CE16682162}.Debug|Any CPU.ActiveCfg = Debug|Any CPU
		{BAC20A3A-2904-4793-B073-19CE16682162}.Debug|Any CPU.Build.0 = Debug|Any CPU
		{BAC20A3A-2904-4793-B073-19CE16682162}.Release|Any CPU.ActiveCfg = Release|Any CPU
		{BAC20A3A-2904-4793-B073-19CE16682162}.Release|Any CPU.Build.0 = Release|Any CPU
	EndGlobalSection
	GlobalSection(SolutionProperties) = preSolution
		HideSolutionNode = FALSE
	EndGlobalSection
	GlobalSection(ExtensibilityGlobals) = postSolution
		SolutionGuid = {A160E547-3BFB-4E4D-802C-1DD6344BCC77}
	EndGlobalSection
EndGlobal
